
Microsoft Visual Studio Solution File, Format Version 12.00
# Visual Studio 2012
Project("{8BC9CEB8-8B4A-11D0-8D11-00A0C91BC942}") = "Virtual CD-ROM", "Virtual CD-ROM\Virtual CD-ROM.vcxproj", "{253F5167-4352-4CBA-965E-7EC0936BEF16}"
EndProject
Global
	GlobalSection(SolutionConfigurationPlatforms) = preSolution
		Debug|Win32 = Debug|Win32
		Release|Win32 = Release|Win32
	EndGlobalSection
	GlobalSection(ProjectConfigurationPlatforms) = postSolution
		{253F5167-4352-4CBA-965E-7EC0936BEF16}.Debug|Win32.ActiveCfg = Debug|Win32
		{253F5167-4352-4CBA-965E-7EC0936BEF16}.Debug|Win32.Build.0 = Debug|Win32
		{253F5167-4352-4CBA-965E-7EC0936BEF16}.Release|Win32.ActiveCfg = Release|Win32
		{253F5167-4352-4CBA-965E-7EC0936BEF16}.Release|Win32.Build.0 = Release|Win32
	EndGlobalSection
	GlobalSection(SolutionProperties) = preSolution
		HideSolutionNode = FALSE
	EndGlobalSection
EndGlobal
